// !$*UTF8*$!
{
	archiveVersion = 1;
	classes = {
	};
	objectVersion = 48;
	objects = {

/* Begin PBXBuildFile section */
		440619512060F6E10070F4E3 /* TopView.swift in Sources */ = {isa = PBXBuildFile; fileRef = 440619502060F6E10070F4E3 /* TopView.swift */; };
		440619532060F72B0070F4E3 /* HomeCell.swift in Sources */ = {isa = PBXBuildFile; fileRef = 440619522060F72B0070F4E3 /* HomeCell.swift */; };
		44061956206105210070F4E3 /* ModelForTableCell.swift in Sources */ = {isa = PBXBuildFile; fileRef = 44061955206105210070F4E3 /* ModelForTableCell.swift */; };
		44061958206106370070F4E3 /* MainController.swift in Sources */ = {isa = PBXBuildFile; fileRef = 44061957206106370070F4E3 /* MainController.swift */; };
		44FC00932060235B00B631AD /* AppDelegate.swift in Sources */ = {isa = PBXBuildFile; fileRef = 44FC00922060235B00B631AD /* AppDelegate.swift */; };
		44FC00952060235B00B631AD /* HomeController.swift in Sources */ = {isa = PBXBuildFile; fileRef = 44FC00942060235B00B631AD /* HomeController.swift */; };
		44FC00982060235C00B631AD /* Main.storyboard in Resources */ = {isa = PBXBuildFile; fileRef = 44FC00962060235C00B631AD /* Main.storyboard */; };
		44FC009A2060235C00B631AD /* Assets.xcassets in Resources */ = {isa = PBXBuildFile; fileRef = 44FC00992060235C00B631AD /* Assets.xcassets */; };
		44FC009D2060235C00B631AD /* LaunchScreen.storyboard in Resources */ = {isa = PBXBuildFile; fileRef = 44FC009B2060235C00B631AD /* LaunchScreen.storyboard */; };
		44FC00A52060A16F00B631AD /* ExplanationController.swift in Sources */ = {isa = PBXBuildFile; fileRef = 44FC00A42060A16F00B631AD /* ExplanationController.swift */; };
/* End PBXBuildFile section */

/* Begin PBXFileReference section */
		440619502060F6E10070F4E3 /* TopView.swift */ = {isa = PBXFileReference; lastKnownFileType = sourcecode.swift; path = TopView.swift; sourceTree = "<group>"; };
		440619522060F72B0070F4E3 /* HomeCell.swift */ = {isa = PBXFileReference; lastKnownFileType = sourcecode.swift; path = HomeCell.swift; sourceTree = "<group>"; };
		44061955206105210070F4E3 /* ModelForTableCell.swift */ = {isa = PBXFileReference; lastKnownFileType = sourcecode.swift; path = ModelForTableCell.swift; sourceTree = "<group>"; };
		44061957206106370070F4E3 /* MainController.swift */ = {isa = PBXFileReference; lastKnownFileType = sourcecode.swift; path = MainController.swift; sourceTree = "<group>"; };
		44FC008F2060235B00B631AD /* TestGame.app */ = {isa = PBXFileReference; explicitFileType = wrapper.application; includeInIndex = 0; path = TestGame.app; sourceTree = BUILT_PRODUCTS_DIR; };
		44FC00922060235B00B631AD /* AppDelegate.swift */ = {isa = PBXFileReference; lastKnownFileType = sourcecode.swift; path = AppDelegate.swift; sourceTree = "<group>"; };
		44FC00942060235B00B631AD /* HomeController.swift */ = {isa = PBXFileReference; lastKnownFileType = sourcecode.swift; path = HomeController.swift; sourceTree = "<group>"; };
		44FC00972060235C00B631AD /* Base */ = {isa = PBXFileReference; lastKnownFileType = file.storyboard; name = Base; path = Base.lproj/Main.storyboard; sourceTree = "<group>"; };
		44FC00992060235C00B631AD /* Assets.xcassets */ = {isa = PBXFileReference; lastKnownFileType = folder.assetcatalog; path = Assets.xcassets; sourceTree = "<group>"; };
		44FC009C2060235C00B631AD /* Base */ = {isa = PBXFileReference; lastKnownFileType = file.storyboard; name = Base; path = Base.lproj/LaunchScreen.storyboard; sourceTree = "<group>"; };
		44FC009E2060235C00B631AD /* Info.plist */ = {isa = PBXFileReference; lastKnownFileType = text.plist.xml; path = Info.plist; sourceTree = "<group>"; };
		44FC00A42060A16F00B631AD /* ExplanationController.swift */ = {isa = PBXFileReference; lastKnownFileType = sourcecode.swift; path = ExplanationController.swift; sourceTree = "<group>"; };
/* End PBXFileReference section */

/* Begin PBXFrameworksBuildPhase section */
		44FC008C2060235B00B631AD /* Frameworks */ = {
			isa = PBXFrameworksBuildPhase;
			buildActionMask = 2147483647;
			files = (
			);
			runOnlyForDeploymentPostprocessing = 0;
		};
/* End PBXFrameworksBuildPhase section */

/* Begin PBXGroup section */
		4406194F2060F6C20070F4E3 /* View */ = {
			isa = PBXGroup;
			children = (
				440619502060F6E10070F4E3 /* TopView.swift */,
				440619522060F72B0070F4E3 /* HomeCell.swift */,
			);
			path = View;
			sourceTree = "<group>";
		};
		44061954206104FD0070F4E3 /* Model */ = {
			isa = PBXGroup;
			children = (
				44061955206105210070F4E3 /* ModelForTableCell.swift */,
			);
			path = Model;
			sourceTree = "<group>";
		};
		44FC00862060235A00B631AD = {
			isa = PBXGroup;
			children = (
				44FC00912060235B00B631AD /* TestGame */,
				44FC00902060235B00B631AD /* Products */,
			);
			sourceTree = "<group>";
		};
		44FC00902060235B00B631AD /* Products */ = {
			isa = PBXGroup;
			children = (
				44FC008F2060235B00B631AD /* TestGame.app */,
			);
			name = Products;
			sourceTree = "<group>";
		};
		44FC00912060235B00B631AD /* TestGame */ = {
			isa = PBXGroup;
			children = (
				44FC00922060235B00B631AD /* AppDelegate.swift */,
				44FC00942060235B00B631AD /* HomeController.swift */,
				44FC00A42060A16F00B631AD /* ExplanationController.swift */,
				44061957206106370070F4E3 /* MainController.swift */,
				44061954206104FD0070F4E3 /* Model */,
				4406194F2060F6C20070F4E3 /* View */,
				44FC00962060235C00B631AD /* Main.storyboard */,
				44FC00992060235C00B631AD /* Assets.xcassets */,
				44FC009B2060235C00B631AD /* LaunchScreen.storyboard */,
				44FC009E2060235C00B631AD /* Info.plist */,
			);
			path = TestGame;
			sourceTree = "<group>";
		};
/* End PBXGroup section */

/* Begin PBXNativeTarget section */
		44FC008E2060235B00B631AD /* TestGame */ = {
			isa = PBXNativeTarget;
			buildConfigurationList = 44FC00A12060235C00B631AD /* Build configuration list for PBXNativeTarget "TestGame" */;
			buildPhases = (
				44FC008B2060235B00B631AD /* Sources */,
				44FC008C2060235B00B631AD /* Frameworks */,
				44FC008D2060235B00B631AD /* Resources */,
			);
			buildRules = (
			);
			dependencies = (
			);
			name = TestGame;
			productName = TestGame;
			productReference = 44FC008F2060235B00B631AD /* TestGame.app */;
			productType = "com.apple.product-type.application";
		};
/* End PBXNativeTarget section */

/* Begin PBXProject section */
		44FC00872060235B00B631AD /* Project object */ = {
			isa = PBXProject;
			attributes = {
				LastSwiftUpdateCheck = 0920;
				LastUpgradeCheck = 0920;
				ORGANIZATIONNAME = "Казюка Руслан Сергеевич";
				TargetAttributes = {
					44FC008E2060235B00B631AD = {
						CreatedOnToolsVersion = 9.2;
						ProvisioningStyle = Automatic;
					};
				};
			};
			buildConfigurationList = 44FC008A2060235B00B631AD /* Build configuration list for PBXProject "TestGame" */;
			compatibilityVersion = "Xcode 8.0";
			developmentRegion = en;
			hasScannedForEncodings = 0;
			knownRegions = (
				en,
				Base,
			);
			mainGroup = 44FC00862060235A00B631AD;
			productRefGroup = 44FC00902060235B00B631AD /* Products */;
			projectDirPath = "";
			projectRoot = "";
			targets = (
				44FC008E2060235B00B631AD /* TestGame */,
			);
		};
/* End PBXProject section */

/* Begin PBXResourcesBuildPhase section */
		44FC008D2060235B00B631AD /* Resources */ = {
			isa = PBXResourcesBuildPhase;
			buildActionMask = 2147483647;
			files = (
				44FC009D2060235C00B631AD /* LaunchScreen.storyboard in Resources */,
				44FC009A2060235C00B631AD /* Assets.xcassets in Resources */,
				44FC00982060235C00B631AD /* Main.storyboard in Resources */,
			);
			runOnlyForDeploymentPostprocessing = 0;
		};
/* End PBXResourcesBuildPhase section */

/* Begin PBXSourcesBuildPhase section */
		44FC008B2060235B00B631AD /* Sources */ = {
			isa = PBXSourcesBuildPhase;
			buildActionMask = 2147483647;
			files = (
				44FC00952060235B00B631AD /* HomeController.swift in Sources */,
				44061958206106370070F4E3 /* MainController.swift in Sources */,
				44FC00932060235B00B631AD /* AppDelegate.swift in Sources */,
				440619512060F6E10070F4E3 /* TopView.swift in Sources */,
				44FC00A52060A16F00B631AD /* ExplanationController.swift in Sources */,
				440619532060F72B0070F4E3 /* HomeCell.swift in Sources */,
				44061956206105210070F4E3 /* ModelForTableCell.swift in Sources */,
			);
			runOnlyForDeploymentPostprocessing = 0;
		};
/* End PBXSourcesBuildPhase section */

/* Begin PBXVariantGroup section */
		44FC00962060235C00B631AD /* Main.storyboard */ = {
			isa = PBXVariantGroup;
			children = (
				44FC00972060235C00B631AD /* Base */,
			);
			name = Main.storyboard;
			sourceTree = "<group>";
		};
		44FC009B2060235C00B631AD /* LaunchScreen.storyboard */ = {
			isa = PBXVariantGroup;
			children = (
				44FC009C2060235C00B631AD /* Base */,
			);
			name = LaunchScreen.storyboard;
			sourceTree = "<group>";
		};
/* End PBXVariantGroup section */

/* Begin XCBuildConfiguration section */
		44FC009F2060235C00B631AD /* Debug */ = {
			isa = XCBuildConfiguration;
			buildSettings = {
				ALWAYS_SEARCH_USER_PATHS = NO;
				CLANG_ANALYZER_NONNULL = YES;
				CLANG_ANALYZER_NUMBER_OBJECT_CONVERSION = YES_AGGRESSIVE;
				CLANG_CXX_LANGUAGE_STANDARD = "gnu++14";
				CLANG_CXX_LIBRARY = "libc++";
				CLANG_ENABLE_MODULES = YES;
				CLANG_ENABLE_OBJC_ARC = YES;
				CLANG_WARN_BLOCK_CAPTURE_AUTORELEASING = YES;
				CLANG_WARN_BOOL_CONVERSION = YES;
				CLANG_WARN_COMMA = YES;
				CLANG_WARN_CONSTANT_CONVERSION = YES;
				CLANG_WARN_DIRECT_OBJC_ISA_USAGE = YES_ERROR;
				CLANG_WARN_DOCUMENTATION_COMMENTS = YES;
				CLANG_WARN_EMPTY_BODY = YES;
				CLANG_WARN_ENUM_CONVERSION = YES;
				CLANG_WARN_INFINITE_RECURSION = YES;
				CLANG_WARN_INT_CONVERSION = YES;
				CLANG_WARN_NON_LITERAL_NULL_CONVERSION = YES;
				CLANG_WARN_OBJC_LITERAL_CONVERSION = YES;
				CLANG_WARN_OBJC_ROOT_CLASS = YES_ERROR;
				CLANG_WARN_RANGE_LOOP_ANALYSIS = YES;
				CLANG_WARN_STRICT_PROTOTYPES = YES;
				CLANG_WARN_SUSPICIOUS_MOVE = YES;
				CLANG_WARN_UNGUARDED_AVAILABILITY = YES_AGGRESSIVE;
				CLANG_WARN_UNREACHABLE_CODE = YES;
				CLANG_WARN__DUPLICATE_METHOD_MATCH = YES;
				CODE_SIGN_IDENTITY = "iPhone Developer";
				COPY_PHASE_STRIP = NO;
				DEBUG_INFORMATION_FORMAT = dwarf;
				ENABLE_STRICT_OBJC_MSGSEND = YES;
				ENABLE_TESTABILITY = YES;
				GCC_C_LANGUAGE_STANDARD = gnu11;
				GCC_DYNAMIC_NO_PIC = NO;
				GCC_NO_COMMON_BLOCKS = YES;
				GCC_OPTIMIZATION_LEVEL = 0;
				GCC_PREPROCESSOR_DEFINITIONS = (
					"DEBUG=1",
					"$(inherited)",
				);
				GCC_WARN_64_TO_32_BIT_CONVERSION = YES;
				GCC_WARN_ABOUT_RETURN_TYPE = YES_ERROR;
				GCC_WARN_UNDECLARED_SELECTOR = YES;
				GCC_WARN_UNINITIALIZED_AUTOS = YES_AGGRESSIVE;
				GCC_WARN_UNUSED_FUNCTION = YES;
				GCC_WARN_UNUSED_VARIABLE = YES;
				IPHONEOS_DEPLOYMENT_TARGET = 11.2;
				MTL_ENABLE_DEBUG_INFO = YES;
				ONLY_ACTIVE_ARCH = YES;
				SDKROOT = iphoneos;
				SWIFT_ACTIVE_COMPILATION_CONDITIONS = DEBUG;
				SWIFT_OPTIMIZATION_LEVEL = "-Onone";
			};
			name = Debug;
		};
		44FC00A02060235C00B631AD /* Release */ = {
			isa = XCBuildConfiguration;
			buildSettings = {
				ALWAYS_SEARCH_USER_PATHS = NO;
				CLANG_ANALYZER_NONNULL = YES;
				CLANG_ANALYZER_NUMBER_OBJECT_CONVERSION = YES_AGGRESSIVE;
				CLANG_CXX_LANGUAGE_STANDARD = "gnu++14";
				CLANG_CXX_LIBRARY = "libc++";
				CLANG_ENABLE_MODULES = YES;
				CLANG_ENABLE_OBJC_ARC = YES;
				CLANG_WARN_BLOCK_CAPTURE_AUTORELEASING = YES;
				CLANG_WARN_BOOL_CONVERSION = YES;
				CLANG_WARN_COMMA = YES;
				CLANG_WARN_CONSTANT_CONVERSION = YES;
				CLANG_WARN_DIRECT_OBJC_ISA_USAGE = YES_ERROR;
				CLANG_WARN_DOCUMENTATION_COMMENTS = YES;
				CLANG_WARN_EMPTY_BODY = YES;
				CLANG_WARN_ENUM_CONVERSION = YES;
				CLANG_WARN_INFINITE_RECURSION = YES;
				CLANG_WARN_INT_CONVERSION = YES;
				CLANG_WARN_NON_LITERAL_NULL_CONVERSION = YES;
				CLANG_WARN_OBJC_LITERAL_CONVERSION = YES;
				CLANG_WARN_OBJC_ROOT_CLASS = YES_ERROR;
				CLANG_WARN_RANGE_LOOP_ANALYSIS = YES;
				CLANG_WARN_STRICT_PROTOTYPES = YES;
				CLANG_WARN_SUSPICIOUS_MOVE = YES;
				CLANG_WARN_UNGUARDED_AVAILABILITY = YES_AGGRESSIVE;
				CLANG_WARN_UNREACHABLE_CODE = YES;
				CLANG_WARN__DUPLICATE_METHOD_MATCH = YES;
				CODE_SIGN_IDENTITY = "iPhone Developer";
				COPY_PHASE_STRIP = NO;
				DEBUG_INFORMATION_FORMAT = "dwarf-with-dsym";
				ENABLE_NS_ASSERTIONS = NO;
				ENABLE_STRICT_OBJC_MSGSEND = YES;
				GCC_C_LANGUAGE_STANDARD = gnu11;
				GCC_NO_COMMON_BLOCKS = YES;
				GCC_WARN_64_TO_32_BIT_CONVERSION = YES;
				GCC_WARN_ABOUT_RETURN_TYPE = YES_ERROR;
				GCC_WARN_UNDECLARED_SELECTOR = YES;
				GCC_WARN_UNINITIALIZED_AUTOS = YES_AGGRESSIVE;
				GCC_WARN_UNUSED_FUNCTION = YES;
				GCC_WARN_UNUSED_VARIABLE = YES;
				IPHONEOS_DEPLOYMENT_TARGET = 11.2;
				MTL_ENABLE_DEBUG_INFO = NO;
				SDKROOT = iphoneos;
				SWIFT_OPTIMIZATION_LEVEL = "-Owholemodule";
				VALIDATE_PRODUCT = YES;
			};
			name = Release;
		};
		44FC00A22060235C00B631AD /* Debug */ = {
			isa = XCBuildConfiguration;
			buildSettings = {
				ASSETCATALOG_COMPILER_APPICON_NAME = AppIcon;
				CODE_SIGN_STYLE = Automatic;
				INFOPLIST_FILE = TestGame/Info.plist;
				LD_RUNPATH_SEARCH_PATHS = "$(inherited) @executable_path/Frameworks";
				PRODUCT_BUNDLE_IDENTIFIER = com.mobilenativeapp.app.TestGame;
				PRODUCT_NAME = "$(TARGET_NAME)";
				SWIFT_VERSION = 4.0;
				TARGETED_DEVICE_FAMILY = "1,2";
			};
			name = Debug;
		};
		44FC00A32060235C00B631AD /* Release */ = {
			isa = XCBuildConfiguration;
			buildSettings = {
				ASSETCATALOG_COMPILER_APPICON_NAME = AppIcon;
				CODE_SIGN_STYLE = Automatic;
				INFOPLIST_FILE = TestGame/Info.plist;
				LD_RUNPATH_SEARCH_PATHS = "$(inherited) @executable_path/Frameworks";
				PRODUCT_BUNDLE_IDENTIFIER = com.mobilenativeapp.app.TestGame;
				PRODUCT_NAME = "$(TARGET_NAME)";
				SWIFT_VERSION = 4.0;
				TARGETED_DEVICE_FAMILY = "1,2";
			};
			name = Release;
		};
/* End XCBuildConfiguration section */

/* Begin XCConfigurationList section */
		44FC008A2060235B00B631AD /* Build configuration list for PBXProject "TestGame" */ = {
			isa = XCConfigurationList;
			buildConfigurations = (
				44FC009F2060235C00B631AD /* Debug */,
				44FC00A02060235C00B631AD /* Release */,
			);
			defaultConfigurationIsVisible = 0;
			defaultConfigurationName = Release;
		};
		44FC00A12060235C00B631AD /* Build configuration list for PBXNativeTarget "TestGame" */ = {
			isa = XCConfigurationList;
			buildConfigurations = (
				44FC00A22060235C00B631AD /* Debug */,
				44FC00A32060235C00B631AD /* Release */,
			);
			defaultConfigurationIsVisible = 0;
			defaultConfigurationName = Release;
		};
/* End XCConfigurationList section */
	};
	rootObject = 44FC00872060235B00B631AD /* Project object */;
}
